{
  "name": "hydejack",
  "version": "9.0.5",
  "lockfileVersion": 1,
  "requires": true,
  "dependencies": {
    "dedent": {
      "version": "0.7.0",
      "resolved": "https://registry.npmjs.org/dedent/-/dedent-0.7.0.tgz",
      "integrity": "sha1-JJXduvbrh0q7Dhvp3yLS5aVEMmw=",
      "dev": true
    }
  }
}
