{
  "name": "hydejack-site",
  "lockfileVersion": 2,
  "requires": true,
  "packages": {
    "": {
      "dependencies": {
        "re-template-tag": "^2.0.1"
      }
    },
    "node_modules/re-template-tag": {
      "version": "2.0.1",
      "resolved": "https://registry.npmjs.org/re-template-tag/-/re-template-tag-2.0.1.tgz",
      "integrity": "sha512-TkxjSTkKDTKjSrflkkUDHd/2RDQuwoYPdrdNtTcDG0wD2EeT5FeeWe1QANwKe4BwOC5kN8a7QnvSAgSz7mRhwQ=="
    }
  },
  "dependencies": {
    "re-template-tag": {
      "version": "2.0.1",
      "resolved": "https://registry.npmjs.org/re-template-tag/-/re-template-tag-2.0.1.tgz",
      "integrity": "sha512-TkxjSTkKDTKjSrflkkUDHd/2RDQuwoYPdrdNtTcDG0wD2EeT5FeeWe1QANwKe4BwOC5kN8a7QnvSAgSz7mRhwQ=="
    }
  }
}
